
Microsoft Visual Studio Solution File, Format Version 12.00
# Visual Studio Version 16
VisualStudioVersion = 16.0.30114.105
MinimumVisualStudioVersion = 10.0.40219.1
Project("{9A19103F-16F7-4668-BE54-9A1E7A4F7556}") = "BioMap", "BioMap\BioMap.csproj", "{058E96CA-E10B-4413-B4B4-889E03D48361}"
EndProject
Project("{2150E333-8FDC-42A3-9474-1A3956D46DE8}") = "Solution Items", "Solution Items", "{D1C5793E-E37D-4E04-9DE6-DCC2A716D7FF}"
	ProjectSection(SolutionItems) = preProject
		build-and-run.sh = build-and-run.sh
		Dockerfile = Dockerfile
	EndProjectSection
EndProject
Global
	GlobalSection(SolutionConfigurationPlatforms) = preSolution
		Debug|Any CPU = Debug|Any CPU
		Debug|x64 = Debug|x64
		Debug|x86 = Debug|x86
		Release|Any CPU = Release|Any CPU
		Release|x64 = Release|x64
		Release|x86 = Release|x86
	EndGlobalSection
	GlobalSection(ProjectConfigurationPlatforms) = postSolution
		{058E96CA-E10B-4413-B4B4-889E03D48361}.Debug|Any CPU.ActiveCfg = Debug|Any CPU
		{058E96CA-E10B-4413-B4B4-889E03D48361}.Debug|Any CPU.Build.0 = Debug|Any CPU
		{058E96CA-E10B-4413-B4B4-889E03D48361}.Debug|x64.ActiveCfg = Debug|Any CPU
		{058E96CA-E10B-4413-B4B4-889E03D48361}.Debug|x64.Build.0 = Debug|Any CPU
		{058E96CA-E10B-4413-B4B4-889E03D48361}.Debug|x86.ActiveCfg = Debug|Any CPU
		{058E96CA-E10B-4413-B4B4-889E03D48361}.Debug|x86.Build.0 = Debug|Any CPU
		{058E96CA-E10B-4413-B4B4-889E03D48361}.Release|Any CPU.ActiveCfg = Release|Any CPU
		{058E96CA-E10B-4413-B4B4-889E03D48361}.Release|Any CPU.Build.0 = Release|Any CPU
		{058E96CA-E10B-4413-B4B4-889E03D48361}.Release|x64.ActiveCfg = Release|Any CPU
		{058E96CA-E10B-4413-B4B4-889E03D48361}.Release|x64.Build.0 = Release|Any CPU
		{058E96CA-E10B-4413-B4B4-889E03D48361}.Release|x86.ActiveCfg = Release|Any CPU
		{058E96CA-E10B-4413-B4B4-889E03D48361}.Release|x86.Build.0 = Release|Any CPU
	EndGlobalSection
	GlobalSection(SolutionProperties) = preSolution
		HideSolutionNode = FALSE
	EndGlobalSection
	GlobalSection(ExtensibilityGlobals) = postSolution
		SolutionGuid = {9E025AC8-6E73-4CA8-A062-51FCE4E2ACCE}
	EndGlobalSection
EndGlobal
