
Microsoft Visual Studio Solution File, Format Version 12.00
# Visual Studio Version 16
VisualStudioVersion = 16.0.30114.105
MinimumVisualStudioVersion = 10.0.40219.1
Project("{9A19103F-16F7-4668-BE54-9A1E7A4F7556}") = "BioMap", "BioMap\BioMap.csproj", "{058E96CA-E10B-4413-B4B4-889E03D48361}"
EndProject
Project("{2150E333-8FDC-42A3-9474-1A3956D46DE8}") = "Solution Items", "Solution Items", "{D1C5793E-E37D-4E04-9DE6-DCC2A716D7FF}"
	ProjectSection(SolutionItems) = preProject
		build-and-run.sh = build-and-run.sh
		Dockerfile = Dockerfile
		update-by-ssh.bat = update-by-ssh.bat
	EndProjectSection
EndProject
Project("{9A19103F-16F7-4668-BE54-9A1E7A4F7556}") = "ImageSurveyor", "ImageSurveyor\ImageSurveyor.csproj", "{C50CAA1B-EC5C-4510-900C-F3B1905A9C94}"
EndProject
Project("{9A19103F-16F7-4668-BE54-9A1E7A4F7556}") = "ImageSharp", "..\..\source.3rd\ImageSharp\src\ImageSharp\ImageSharp.csproj", "{438F07B8-D3B7-4ED6-A487-6F1C654CB576}"
EndProject
Global
	GlobalSection(SharedMSBuildProjectFiles) = preSolution
		..\..\source.3rd\ImageSharp\shared-infrastructure\src\SharedInfrastructure\SharedInfrastructure.projitems*{438f07b8-d3b7-4ed6-a487-6f1c654cb576}*SharedItemsImports = 5
	EndGlobalSection
	GlobalSection(SolutionConfigurationPlatforms) = preSolution
		Debug|Any CPU = Debug|Any CPU
		Debug|x64 = Debug|x64
		Debug|x86 = Debug|x86
		Release|Any CPU = Release|Any CPU
		Release|x64 = Release|x64
		Release|x86 = Release|x86
	EndGlobalSection
	GlobalSection(ProjectConfigurationPlatforms) = postSolution
		{058E96CA-E10B-4413-B4B4-889E03D48361}.Debug|Any CPU.ActiveCfg = Debug|Any CPU
		{058E96CA-E10B-4413-B4B4-889E03D48361}.Debug|Any CPU.Build.0 = Debug|Any CPU
		{058E96CA-E10B-4413-B4B4-889E03D48361}.Debug|x64.ActiveCfg = Debug|Any CPU
		{058E96CA-E10B-4413-B4B4-889E03D48361}.Debug|x64.Build.0 = Debug|Any CPU
		{058E96CA-E10B-4413-B4B4-889E03D48361}.Debug|x86.ActiveCfg = Debug|Any CPU
		{058E96CA-E10B-4413-B4B4-889E03D48361}.Debug|x86.Build.0 = Debug|Any CPU
		{058E96CA-E10B-4413-B4B4-889E03D48361}.Release|Any CPU.ActiveCfg = Release|Any CPU
		{058E96CA-E10B-4413-B4B4-889E03D48361}.Release|Any CPU.Build.0 = Release|Any CPU
		{058E96CA-E10B-4413-B4B4-889E03D48361}.Release|x64.ActiveCfg = Release|Any CPU
		{058E96CA-E10B-4413-B4B4-889E03D48361}.Release|x64.Build.0 = Release|Any CPU
		{058E96CA-E10B-4413-B4B4-889E03D48361}.Release|x86.ActiveCfg = Release|Any CPU
		{058E96CA-E10B-4413-B4B4-889E03D48361}.Release|x86.Build.0 = Release|Any CPU
		{C50CAA1B-EC5C-4510-900C-F3B1905A9C94}.Debug|Any CPU.ActiveCfg = Debug|Any CPU
		{C50CAA1B-EC5C-4510-900C-F3B1905A9C94}.Debug|Any CPU.Build.0 = Debug|Any CPU
		{C50CAA1B-EC5C-4510-900C-F3B1905A9C94}.Debug|x64.ActiveCfg = Debug|Any CPU
		{C50CAA1B-EC5C-4510-900C-F3B1905A9C94}.Debug|x64.Build.0 = Debug|Any CPU
		{C50CAA1B-EC5C-4510-900C-F3B1905A9C94}.Debug|x86.ActiveCfg = Debug|Any CPU
		{C50CAA1B-EC5C-4510-900C-F3B1905A9C94}.Debug|x86.Build.0 = Debug|Any CPU
		{C50CAA1B-EC5C-4510-900C-F3B1905A9C94}.Release|Any CPU.ActiveCfg = Release|Any CPU
		{C50CAA1B-EC5C-4510-900C-F3B1905A9C94}.Release|Any CPU.Build.0 = Release|Any CPU
		{C50CAA1B-EC5C-4510-900C-F3B1905A9C94}.Release|x64.ActiveCfg = Release|Any CPU
		{C50CAA1B-EC5C-4510-900C-F3B1905A9C94}.Release|x64.Build.0 = Release|Any CPU
		{C50CAA1B-EC5C-4510-900C-F3B1905A9C94}.Release|x86.ActiveCfg = Release|Any CPU
		{C50CAA1B-EC5C-4510-900C-F3B1905A9C94}.Release|x86.Build.0 = Release|Any CPU
		{438F07B8-D3B7-4ED6-A487-6F1C654CB576}.Debug|Any CPU.ActiveCfg = Debug|Any CPU
		{438F07B8-D3B7-4ED6-A487-6F1C654CB576}.Debug|Any CPU.Build.0 = Debug|Any CPU
		{438F07B8-D3B7-4ED6-A487-6F1C654CB576}.Debug|x64.ActiveCfg = Debug|Any CPU
		{438F07B8-D3B7-4ED6-A487-6F1C654CB576}.Debug|x64.Build.0 = Debug|Any CPU
		{438F07B8-D3B7-4ED6-A487-6F1C654CB576}.Debug|x86.ActiveCfg = Debug|Any CPU
		{438F07B8-D3B7-4ED6-A487-6F1C654CB576}.Debug|x86.Build.0 = Debug|Any CPU
		{438F07B8-D3B7-4ED6-A487-6F1C654CB576}.Release|Any CPU.ActiveCfg = Release|Any CPU
		{438F07B8-D3B7-4ED6-A487-6F1C654CB576}.Release|Any CPU.Build.0 = Release|Any CPU
		{438F07B8-D3B7-4ED6-A487-6F1C654CB576}.Release|x64.ActiveCfg = Release|Any CPU
		{438F07B8-D3B7-4ED6-A487-6F1C654CB576}.Release|x64.Build.0 = Release|Any CPU
		{438F07B8-D3B7-4ED6-A487-6F1C654CB576}.Release|x86.ActiveCfg = Release|Any CPU
		{438F07B8-D3B7-4ED6-A487-6F1C654CB576}.Release|x86.Build.0 = Release|Any CPU
	EndGlobalSection
	GlobalSection(SolutionProperties) = preSolution
		HideSolutionNode = FALSE
	EndGlobalSection
	GlobalSection(ExtensibilityGlobals) = postSolution
		SolutionGuid = {9E025AC8-6E73-4CA8-A062-51FCE4E2ACCE}
	EndGlobalSection
EndGlobal
